<?xml version="1.0" encoding="utf-8"?>
<Project ToolsVersion="4.0" xmlns="http://schemas.microsoft.com/developer/msbuild/2003">
  <ItemGroup>
    <Filter Include="Исходные файлы">
      <UniqueIdentifier>{4FC737F1-C7A5-4376-A066-2A32D752A2FF}</UniqueIdentifier>
      <Extensions>cpp;c;cc;cxx;c++;cppm;ixx;def;odl;idl;hpj;bat;asm;asmx</Extensions>
    </Filter>
    <Filter Include="Файлы заголовков">
      <UniqueIdentifier>{93995380-89BD-4b04-88EB-625FBE52EBFB}</UniqueIdentifier>
      <Extensions>h;hh;hpp;hxx;h++;hm;inl;inc;ipp;xsd</Extensions>
    </Filter>
    <Filter Include="Файлы ресурсов">
      <UniqueIdentifier>{67DA6AB6-F800-4c08-8B7A-83BB121AAD01}</UniqueIdentifier>
      <Extensions>rc;ico;cur;bmp;dlg;rc2;rct;bin;rgs;gif;jpg;jpeg;jpe;resx;tiff;tif;png;wav;mfcribbon-ms</Extensions>
    </Filter>
  </ItemGroup>
  <ItemGroup>
    <ClCompile Include="src\main.cpp">
      <Filter>Исходные файлы</Filter>
    </ClCompile>
    <ClCompile Include="lib\glad.c">
      <Filter>Исходные файлы</Filter>
    </ClCompile>
    <ClCompile Include="lib\stb.cpp">
      <Filter>Исходные файлы</Filter>
    </ClCompile>
    <ClCompile Include="src\graphics\shader.cpp">
      <Filter>Исходные файлы</Filter>
    </ClCompile>
    <ClCompile Include="src\io\keyboard.cpp">
      <Filter>Исходные файлы</Filter>
    </ClCompile>
    <ClCompile Include="src\io\mouse.cpp">
      <Filter>Исходные файлы</Filter>
    </ClCompile>
    <ClCompile Include="src\io\camera.cpp">
      <Filter>Исходные файлы</Filter>
    </ClCompile>
    <ClCompile Include="src\graphics\texture.cpp">
      <Filter>Исходные файлы</Filter>
    </ClCompile>
    <ClCompile Include="src\graphics\mesh.cpp">
      <Filter>Исходные файлы</Filter>
    </ClCompile>
    <ClCompile Include="src\graphics\model.cpp">
      <Filter>Исходные файлы</Filter>
    </ClCompile>
    <ClCompile Include="src\graphics\material.cpp">
      <Filter>Исходные файлы</Filter>
    </ClCompile>
    <ClCompile Include="src\graphics\light.cpp">
      <Filter>Исходные файлы</Filter>
    </ClCompile>
    <ClCompile Include="src\physics\rigidbody.cpp">
      <Filter>Исходные файлы</Filter>
    </ClCompile>
    <ClCompile Include="src\physics\environment.cpp">
      <Filter>Исходные файлы</Filter>
    </ClCompile>
    <ClCompile Include="src\algorithms\bounds.cpp">
      <Filter>Исходные файлы</Filter>
    </ClCompile>
    <ClCompile Include="src\scene.cpp">
      <Filter>Исходные файлы</Filter>
    </ClCompile>
    <ClCompile Include="src\algorithms\octree.cpp">
      <Filter>Исходные файлы</Filter>
    </ClCompile>
    <ClCompile Include="src\graphics\text.cpp">
      <Filter>Исходные файлы</Filter>
    </ClCompile>
    <ClCompile Include="src\graphics\cubemap.cpp">
      <Filter>Исходные файлы</Filter>
    </ClCompile>
  </ItemGroup>
  <ItemGroup>
    <None Include="assets\shaders\object.fs" />
    <None Include="assets\shaders\object.vs" />
    <None Include="assets\shaders\lamp.fs" />
    <None Include="assets\shaders\instanced\instanced.vs" />
    <None Include="assets\shaders\instanced\box.vs" />
    <None Include="assets\shaders\instanced\box.fs" />
    <None Include="assimp-vc142-mtd.dll" />
    <None Include="freetype.dll" />
    <None Include="glfw3.dll" />
    <None Include="assets\shaders\text.vs" />
    <None Include="assets\shaders\text.fs" />
    <None Include="assets\skybox\skybox.vs" />
    <None Include="assets\skybox\skybox.fs" />
    <None Include="assets\skybox\sky.fs" />
    <None Include="assets\shaders\outline.fs" />
    <None Include="assets\shaders\outline.vs" />
    <None Include="assets\shaders\buffer.fs" />
    <None Include="assets\shaders\buffer.vs" />
    <None Include="assets\shaders\depth.fs" />
    <None Include="assets\shaders\shadows\shadow.fs" />
    <None Include="assets\shaders\shadows\directionalshadow.vs" />
  </ItemGroup>
  <ItemGroup>
    <ClInclude Include="src\graphics\shader.h">
      <Filter>Файлы заголовков</Filter>
    </ClInclude>
    <ClInclude Include="src\io\keyboard.h">
      <Filter>Файлы заголовков</Filter>
    </ClInclude>
    <ClInclude Include="src\io\mouse.h">
      <Filter>Файлы заголовков</Filter>
    </ClInclude>
    <ClInclude Include="src\io\camera.h">
      <Filter>Файлы заголовков</Filter>
    </ClInclude>
    <ClInclude Include="src\graphics\texture.h">
      <Filter>Файлы заголовков</Filter>
    </ClInclude>
    <ClInclude Include="src\graphics\model.h">
      <Filter>Файлы заголовков</Filter>
    </ClInclude>
    <ClInclude Include="src\graphics\mesh.h">
      <Filter>Файлы заголовков</Filter>
    </ClInclude>
    <ClInclude Include="src\graphics\models\cube.hpp">
      <Filter>Файлы заголовков</Filter>
    </ClInclude>
    <ClInclude Include="src\graphics\material.h">
      <Filter>Файлы заголовков</Filter>
    </ClInclude>
    <ClInclude Include="src\graphics\models\lamp.hpp">
      <Filter>Файлы заголовков</Filter>
    </ClInclude>
    <ClInclude Include="src\graphics\light.h">
      <Filter>Файлы заголовков</Filter>
    </ClInclude>
    <ClInclude Include="src\graphics\models\gun.hpp">
      <Filter>Файлы заголовков</Filter>
    </ClInclude>
    <ClInclude Include="src\graphics\models\sphere.hpp">
      <Filter>Файлы заголовков</Filter>
    </ClInclude>
    <ClInclude Include="src\physics\rigidbody.h">
      <Filter>Файлы заголовков</Filter>
    </ClInclude>
    <ClInclude Include="src\physics\environment.h">
      <Filter>Файлы заголовков</Filter>
    </ClInclude>
    <ClInclude Include="src\graphics\models\box.hpp">
      <Filter>Файлы заголовков</Filter>
    </ClInclude>
    <ClInclude Include="src\algorithms\bounds.h">
      <Filter>Файлы заголовков</Filter>
    </ClInclude>
    <ClInclude Include="src\graphics\vertexmemory.hpp">
      <Filter>Файлы заголовков</Filter>
    </ClInclude>
    <ClInclude Include="src\algorithms\states.hpp">
      <Filter>Файлы заголовков</Filter>
    </ClInclude>
    <ClInclude Include="src\scene.h">
      <Filter>Файлы заголовков</Filter>
    </ClInclude>
    <ClInclude Include="src\algorithms\list.hpp">
      <Filter>Файлы заголовков</Filter>
    </ClInclude>
    <ClInclude Include="src\algorithms\octree.h">
      <Filter>Файлы заголовков</Filter>
    </ClInclude>
    <ClInclude Include="src\algorithms\trie.hpp">
      <Filter>Файлы заголовков</Filter>
    </ClInclude>
    <ClInclude Include="src\graphics\text.h">
      <Filter>Файлы заголовков</Filter>
    </ClInclude>
    <ClInclude Include="src\graphics\cubemap.h">
      <Filter>Файлы заголовков</Filter>
    </ClInclude>
    <ClInclude Include="src\graphics\models\plane.hpp">
      <Filter>Файлы заголовков</Filter>
    </ClInclude>
    <ClInclude Include="src\graphics\framememory.hpp">
      <Filter>Файлы заголовков</Filter>
    </ClInclude>
  </ItemGroup>
  <ItemGroup>
    <Image Include="assets\textures\obama.jpg">
      <Filter>Файлы ресурсов</Filter>
    </Image>
    <Image Include="assets\textures\americanflag.png">
      <Filter>Файлы ресурсов</Filter>
    </Image>
    <Image Include="assets\textures\flag.png">
      <Filter>Файлы ресурсов</Filter>
    </Image>
    <Image Include="assets\textures\flag_specular.png">
      <Filter>Файлы ресурсов</Filter>
    </Image>
    <Image Include="assets\skybox\back.png">
      <Filter>Файлы ресурсов</Filter>
    </Image>
    <Image Include="assets\skybox\bottom.png">
      <Filter>Файлы ресурсов</Filter>
    </Image>
    <Image Include="assets\skybox\front.png">
      <Filter>Файлы ресурсов</Filter>
    </Image>
    <Image Include="assets\skybox\left.png">
      <Filter>Файлы ресурсов</Filter>
    </Image>
    <Image Include="assets\skybox\right.png">
      <Filter>Файлы ресурсов</Filter>
    </Image>
    <Image Include="assets\skybox\skybox_template.png">
      <Filter>Файлы ресурсов</Filter>
    </Image>
    <Image Include="assets\skybox\top.png">
      <Filter>Файлы ресурсов</Filter>
    </Image>
  </ItemGroup>
  <ItemGroup>
    <Font Include="assets\fonts\comic.ttf" />
    <Font Include="assets\fonts\comicbd.ttf" />
    <Font Include="assets\fonts\comici.ttf" />
    <Font Include="assets\fonts\comicz.ttf" />
    <Font Include="assets\fonts\courer.ttf" />
  </ItemGroup>
</Project>